// !$*UTF8*$!
{
	archiveVersion = 1;
	classes = {
	};
	objectVersion = 46;
	objects = {

/* Begin PBXBuildFile section */
		52096EBB16F5913700EAB7ED /* fingerTip.png in Resources */ = {isa = PBXBuildFile; fileRef = 52096EB416F5913700EAB7ED /* fingerTip.png */; };
		52096EBD16F5913700EAB7ED /* SignatureView.m in Sources */ = {isa = PBXBuildFile; fileRef = 52096EB716F5913700EAB7ED /* SignatureView.m */; };
		52096EBF16F5913700EAB7ED /* SignatureViewController.m in Sources */ = {isa = PBXBuildFile; fileRef = 52096EBA16F5913700EAB7ED /* SignatureViewController.m */; };
		52096EC116F591EA00EAB7ED /* Default-568h@2x.png in Resources */ = {isa = PBXBuildFile; fileRef = 52096EC016F591EA00EAB7ED /* Default-568h@2x.png */; };
		524CC994158F944000D02843 /* UIKit.framework in Frameworks */ = {isa = PBXBuildFile; fileRef = 524CC993158F944000D02843 /* UIKit.framework */; };
		524CC996158F944000D02843 /* Foundation.framework in Frameworks */ = {isa = PBXBuildFile; fileRef = 524CC995158F944000D02843 /* Foundation.framework */; };
		524CC998158F944000D02843 /* CoreGraphics.framework in Frameworks */ = {isa = PBXBuildFile; fileRef = 524CC997158F944000D02843 /* CoreGraphics.framework */; };
		524CC99E158F944000D02843 /* InfoPlist.strings in Resources */ = {isa = PBXBuildFile; fileRef = 524CC99C158F944000D02843 /* InfoPlist.strings */; };
		524CC9A0158F944000D02843 /* main.m in Sources */ = {isa = PBXBuildFile; fileRef = 524CC99F158F944000D02843 /* main.m */; };
		524CC9A4158F944000D02843 /* AppDelegate.m in Sources */ = {isa = PBXBuildFile; fileRef = 524CC9A3158F944000D02843 /* AppDelegate.m */; };
		524CC9A7158F944000D02843 /* ViewController.m in Sources */ = {isa = PBXBuildFile; fileRef = 524CC9A6158F944000D02843 /* ViewController.m */; };
		524CC9AA158F944000D02843 /* ViewController_iPhone.xib in Resources */ = {isa = PBXBuildFile; fileRef = 524CC9A8158F944000D02843 /* ViewController_iPhone.xib */; };
		524CC9AD158F944000D02843 /* ViewController_iPad.xib in Resources */ = {isa = PBXBuildFile; fileRef = 524CC9AB158F944000D02843 /* ViewController_iPad.xib */; };
		524CC9C4158F977D00D02843 /* OpenGLES.framework in Frameworks */ = {isa = PBXBuildFile; fileRef = 524CC9C3158F977D00D02843 /* OpenGLES.framework */; };
		524CC9C6158F97AE00D02843 /* QuartzCore.framework in Frameworks */ = {isa = PBXBuildFile; fileRef = 524CC9C5158F97AE00D02843 /* QuartzCore.framework */; };
		52CC68BF16F5A01300C847AA /* README.md in Resources */ = {isa = PBXBuildFile; fileRef = 52CC68BE16F5A01300C847AA /* README.md */; };
/* End PBXBuildFile section */

/* Begin PBXFileReference section */
		52096EB416F5913700EAB7ED /* fingerTip.png */ = {isa = PBXFileReference; lastKnownFileType = image.png; name = fingerTip.png; path = SignatureView/fingerTip.png; sourceTree = "<group>"; };
		52096EB616F5913700EAB7ED /* SignatureView.h */ = {isa = PBXFileReference; fileEncoding = 4; lastKnownFileType = sourcecode.c.h; name = SignatureView.h; path = SignatureView/SignatureView.h; sourceTree = "<group>"; };
		52096EB716F5913700EAB7ED /* SignatureView.m */ = {isa = PBXFileReference; fileEncoding = 4; lastKnownFileType = sourcecode.c.objc; name = SignatureView.m; path = SignatureView/SignatureView.m; sourceTree = "<group>"; };
		52096EB916F5913700EAB7ED /* SignatureViewController.h */ = {isa = PBXFileReference; fileEncoding = 4; lastKnownFileType = sourcecode.c.h; name = SignatureViewController.h; path = SignatureView/SignatureViewController.h; sourceTree = "<group>"; };
		52096EBA16F5913700EAB7ED /* SignatureViewController.m */ = {isa = PBXFileReference; fileEncoding = 4; lastKnownFileType = sourcecode.c.objc; name = SignatureViewController.m; path = SignatureView/SignatureViewController.m; sourceTree = "<group>"; };
		52096EC016F591EA00EAB7ED /* Default-568h@2x.png */ = {isa = PBXFileReference; lastKnownFileType = image.png; path = "Default-568h@2x.png"; sourceTree = "<group>"; };
		524CC98F158F944000D02843 /* SignatureExample.app */ = {isa = PBXFileReference; explicitFileType = wrapper.application; includeInIndex = 0; path = SignatureExample.app; sourceTree = BUILT_PRODUCTS_DIR; };
		524CC993158F944000D02843 /* UIKit.framework */ = {isa = PBXFileReference; lastKnownFileType = wrapper.framework; name = UIKit.framework; path = System/Library/Frameworks/UIKit.framework; sourceTree = SDKROOT; };
		524CC995158F944000D02843 /* Foundation.framework */ = {isa = PBXFileReference; lastKnownFileType = wrapper.framework; name = Foundation.framework; path = System/Library/Frameworks/Foundation.framework; sourceTree = SDKROOT; };
		524CC997158F944000D02843 /* CoreGraphics.framework */ = {isa = PBXFileReference; lastKnownFileType = wrapper.framework; name = CoreGraphics.framework; path = System/Library/Frameworks/CoreGraphics.framework; sourceTree = SDKROOT; };
		524CC99B158F944000D02843 /* SignatureExample-Info.plist */ = {isa = PBXFileReference; lastKnownFileType = text.plist.xml; path = "SignatureExample-Info.plist"; sourceTree = "<group>"; };
		524CC99D158F944000D02843 /* en */ = {isa = PBXFileReference; lastKnownFileType = text.plist.strings; name = en; path = en.lproj/InfoPlist.strings; sourceTree = "<group>"; };
		524CC99F158F944000D02843 /* main.m */ = {isa = PBXFileReference; lastKnownFileType = sourcecode.c.objc; path = main.m; sourceTree = "<group>"; };
		524CC9A1158F944000D02843 /* SignatureExample-Prefix.pch */ = {isa = PBXFileReference; lastKnownFileType = sourcecode.c.h; path = "SignatureExample-Prefix.pch"; sourceTree = "<group>"; };
		524CC9A2158F944000D02843 /* AppDelegate.h */ = {isa = PBXFileReference; lastKnownFileType = sourcecode.c.h; path = AppDelegate.h; sourceTree = "<group>"; };
		524CC9A3158F944000D02843 /* AppDelegate.m */ = {isa = PBXFileReference; lastKnownFileType = sourcecode.c.objc; path = AppDelegate.m; sourceTree = "<group>"; };
		524CC9A5158F944000D02843 /* ViewController.h */ = {isa = PBXFileReference; lastKnownFileType = sourcecode.c.h; path = ViewController.h; sourceTree = "<group>"; };
		524CC9A6158F944000D02843 /* ViewController.m */ = {isa = PBXFileReference; lastKnownFileType = sourcecode.c.objc; path = ViewController.m; sourceTree = "<group>"; };
		524CC9A9158F944000D02843 /* en */ = {isa = PBXFileReference; lastKnownFileType = file.xib; name = en; path = en.lproj/ViewController_iPhone.xib; sourceTree = "<group>"; };
		524CC9AC158F944000D02843 /* en */ = {isa = PBXFileReference; lastKnownFileType = file.xib; name = en; path = en.lproj/ViewController_iPad.xib; sourceTree = "<group>"; };
		524CC9C3158F977D00D02843 /* OpenGLES.framework */ = {isa = PBXFileReference; lastKnownFileType = wrapper.framework; name = OpenGLES.framework; path = System/Library/Frameworks/OpenGLES.framework; sourceTree = SDKROOT; };
		524CC9C5158F97AE00D02843 /* QuartzCore.framework */ = {isa = PBXFileReference; lastKnownFileType = wrapper.framework; name = QuartzCore.framework; path = System/Library/Frameworks/QuartzCore.framework; sourceTree = SDKROOT; };
		52CC68BE16F5A01300C847AA /* README.md */ = {isa = PBXFileReference; fileEncoding = 4; lastKnownFileType = text; path = README.md; sourceTree = SOURCE_ROOT; };
/* End PBXFileReference section */

/* Begin PBXFrameworksBuildPhase section */
		524CC98C158F944000D02843 /* Frameworks */ = {
			isa = PBXFrameworksBuildPhase;
			buildActionMask = 2147483647;
			files = (
				524CC9C6158F97AE00D02843 /* QuartzCore.framework in Frameworks */,
				524CC9C4158F977D00D02843 /* OpenGLES.framework in Frameworks */,
				524CC994158F944000D02843 /* UIKit.framework in Frameworks */,
				524CC996158F944000D02843 /* Foundation.framework in Frameworks */,
				524CC998158F944000D02843 /* CoreGraphics.framework in Frameworks */,
			);
			runOnlyForDeploymentPostprocessing = 0;
		};
/* End PBXFrameworksBuildPhase section */

/* Begin PBXGroup section */
		524CC984158F944000D02843 = {
			isa = PBXGroup;
			children = (
				52096EC016F591EA00EAB7ED /* Default-568h@2x.png */,
				524CC9B7158F94C900D02843 /* SignatureView */,
				524CC999158F944000D02843 /* SignatureExample */,
				524CC992158F944000D02843 /* Frameworks */,
				524CC990158F944000D02843 /* Products */,
			);
			sourceTree = "<group>";
		};
		524CC990158F944000D02843 /* Products */ = {
			isa = PBXGroup;
			children = (
				524CC98F158F944000D02843 /* SignatureExample.app */,
			);
			name = Products;
			sourceTree = "<group>";
		};
		524CC992158F944000D02843 /* Frameworks */ = {
			isa = PBXGroup;
			children = (
				524CC9C5158F97AE00D02843 /* QuartzCore.framework */,
				524CC9C3158F977D00D02843 /* OpenGLES.framework */,
				524CC993158F944000D02843 /* UIKit.framework */,
				524CC995158F944000D02843 /* Foundation.framework */,
				524CC997158F944000D02843 /* CoreGraphics.framework */,
			);
			name = Frameworks;
			sourceTree = "<group>";
		};
		524CC999158F944000D02843 /* SignatureExample */ = {
			isa = PBXGroup;
			children = (
				52CC68BE16F5A01300C847AA /* README.md */,
				524CC9A2158F944000D02843 /* AppDelegate.h */,
				524CC9A3158F944000D02843 /* AppDelegate.m */,
				524CC9A5158F944000D02843 /* ViewController.h */,
				524CC9A6158F944000D02843 /* ViewController.m */,
				524CC9A8158F944000D02843 /* ViewController_iPhone.xib */,
				524CC9AB158F944000D02843 /* ViewController_iPad.xib */,
				524CC99A158F944000D02843 /* Supporting Files */,
			);
			path = SignatureExample;
			sourceTree = "<group>";
		};
		524CC99A158F944000D02843 /* Supporting Files */ = {
			isa = PBXGroup;
			children = (
				524CC99B158F944000D02843 /* SignatureExample-Info.plist */,
				524CC99C158F944000D02843 /* InfoPlist.strings */,
				524CC99F158F944000D02843 /* main.m */,
				524CC9A1158F944000D02843 /* SignatureExample-Prefix.pch */,
			);
			name = "Supporting Files";
			sourceTree = "<group>";
		};
		524CC9B7158F94C900D02843 /* SignatureView */ = {
			isa = PBXGroup;
			children = (
				52096EB416F5913700EAB7ED /* fingerTip.png */,
				52096EB616F5913700EAB7ED /* SignatureView.h */,
				52096EB716F5913700EAB7ED /* SignatureView.m */,
				52096EB916F5913700EAB7ED /* SignatureViewController.h */,
				52096EBA16F5913700EAB7ED /* SignatureViewController.m */,
			);
			name = SignatureView;
			sourceTree = "<group>";
		};
/* End PBXGroup section */

/* Begin PBXNativeTarget section */
		524CC98E158F944000D02843 /* SignatureExample */ = {
			isa = PBXNativeTarget;
			buildConfigurationList = 524CC9B0158F944000D02843 /* Build configuration list for PBXNativeTarget "SignatureExample" */;
			buildPhases = (
				524CC98B158F944000D02843 /* Sources */,
				524CC98C158F944000D02843 /* Frameworks */,
				524CC98D158F944000D02843 /* Resources */,
			);
			buildRules = (
			);
			dependencies = (
			);
			name = SignatureExample;
			productName = SignatureExample;
			productReference = 524CC98F158F944000D02843 /* SignatureExample.app */;
			productType = "com.apple.product-type.application";
		};
/* End PBXNativeTarget section */

/* Begin PBXProject section */
		524CC986158F944000D02843 /* Project object */ = {
			isa = PBXProject;
			attributes = {
				LastUpgradeCheck = 0600;
				ORGANIZATIONNAME = "Em Sevn, LLC";
			};
			buildConfigurationList = 524CC989158F944000D02843 /* Build configuration list for PBXProject "SignatureExample" */;
			compatibilityVersion = "Xcode 3.2";
			developmentRegion = English;
			hasScannedForEncodings = 0;
			knownRegions = (
				en,
			);
			mainGroup = 524CC984158F944000D02843;
			productRefGroup = 524CC990158F944000D02843 /* Products */;
			projectDirPath = "";
			projectRoot = "";
			targets = (
				524CC98E158F944000D02843 /* SignatureExample */,
			);
		};
/* End PBXProject section */

/* Begin PBXResourcesBuildPhase section */
		524CC98D158F944000D02843 /* Resources */ = {
			isa = PBXResourcesBuildPhase;
			buildActionMask = 2147483647;
			files = (
				524CC99E158F944000D02843 /* InfoPlist.strings in Resources */,
				524CC9AA158F944000D02843 /* ViewController_iPhone.xib in Resources */,
				524CC9AD158F944000D02843 /* ViewController_iPad.xib in Resources */,
				52096EBB16F5913700EAB7ED /* fingerTip.png in Resources */,
				52096EC116F591EA00EAB7ED /* Default-568h@2x.png in Resources */,
				52CC68BF16F5A01300C847AA /* README.md in Resources */,
			);
			runOnlyForDeploymentPostprocessing = 0;
		};
/* End PBXResourcesBuildPhase section */

/* Begin PBXSourcesBuildPhase section */
		524CC98B158F944000D02843 /* Sources */ = {
			isa = PBXSourcesBuildPhase;
			buildActionMask = 2147483647;
			files = (
				524CC9A0158F944000D02843 /* main.m in Sources */,
				524CC9A4158F944000D02843 /* AppDelegate.m in Sources */,
				524CC9A7158F944000D02843 /* ViewController.m in Sources */,
				52096EBD16F5913700EAB7ED /* SignatureView.m in Sources */,
				52096EBF16F5913700EAB7ED /* SignatureViewController.m in Sources */,
			);
			runOnlyForDeploymentPostprocessing = 0;
		};
/* End PBXSourcesBuildPhase section */

/* Begin PBXVariantGroup section */
		524CC99C158F944000D02843 /* InfoPlist.strings */ = {
			isa = PBXVariantGroup;
			children = (
				524CC99D158F944000D02843 /* en */,
			);
			name = InfoPlist.strings;
			sourceTree = "<group>";
		};
		524CC9A8158F944000D02843 /* ViewController_iPhone.xib */ = {
			isa = PBXVariantGroup;
			children = (
				524CC9A9158F944000D02843 /* en */,
			);
			name = ViewController_iPhone.xib;
			sourceTree = "<group>";
		};
		524CC9AB158F944000D02843 /* ViewController_iPad.xib */ = {
			isa = PBXVariantGroup;
			children = (
				524CC9AC158F944000D02843 /* en */,
			);
			name = ViewController_iPad.xib;
			sourceTree = "<group>";
		};
/* End PBXVariantGroup section */

/* Begin XCBuildConfiguration section */
		524CC9AE158F944000D02843 /* Debug */ = {
			isa = XCBuildConfiguration;
			buildSettings = {
				ALWAYS_SEARCH_USER_PATHS = NO;
				CLANG_WARN_BOOL_CONVERSION = YES;
				CLANG_WARN_CONSTANT_CONVERSION = YES;
				CLANG_WARN_EMPTY_BODY = YES;
				CLANG_WARN_ENUM_CONVERSION = YES;
				CLANG_WARN_INT_CONVERSION = YES;
				CLANG_WARN_UNREACHABLE_CODE = YES;
				CLANG_WARN__DUPLICATE_METHOD_MATCH = YES;
				"CODE_SIGN_IDENTITY[sdk=iphoneos*]" = "iPhone Developer";
				COPY_PHASE_STRIP = NO;
				ENABLE_STRICT_OBJC_MSGSEND = YES;
				GCC_C_LANGUAGE_STANDARD = gnu99;
				GCC_DYNAMIC_NO_PIC = NO;
				GCC_OPTIMIZATION_LEVEL = 0;
				GCC_PREPROCESSOR_DEFINITIONS = (
					"DEBUG=1",
					"$(inherited)",
				);
				GCC_SYMBOLS_PRIVATE_EXTERN = NO;
				GCC_VERSION = com.apple.compilers.llvm.clang.1_0;
				GCC_WARN_64_TO_32_BIT_CONVERSION = YES;
				GCC_WARN_ABOUT_RETURN_TYPE = YES;
				GCC_WARN_UNDECLARED_SELECTOR = YES;
				GCC_WARN_UNINITIALIZED_AUTOS = YES;
				GCC_WARN_UNUSED_FUNCTION = YES;
				GCC_WARN_UNUSED_VARIABLE = YES;
				IPHONEOS_DEPLOYMENT_TARGET = 6.0;
				ONLY_ACTIVE_ARCH = YES;
				SDKROOT = iphoneos;
				TARGETED_DEVICE_FAMILY = "1,2";
			};
			name = Debug;
		};
		524CC9AF158F944000D02843 /* Release */ = {
			isa = XCBuildConfiguration;
			buildSettings = {
				ALWAYS_SEARCH_USER_PATHS = NO;
				CLANG_WARN_BOOL_CONVERSION = YES;
				CLANG_WARN_CONSTANT_CONVERSION = YES;
				CLANG_WARN_EMPTY_BODY = YES;
				CLANG_WARN_ENUM_CONVERSION = YES;
				CLANG_WARN_INT_CONVERSION = YES;
				CLANG_WARN_UNREACHABLE_CODE = YES;
				CLANG_WARN__DUPLICATE_METHOD_MATCH = YES;
				"CODE_SIGN_IDENTITY[sdk=iphoneos*]" = "iPhone Developer";
				COPY_PHASE_STRIP = YES;
				ENABLE_STRICT_OBJC_MSGSEND = YES;
				GCC_C_LANGUAGE_STANDARD = gnu99;
				GCC_VERSION = com.apple.compilers.llvm.clang.1_0;
				GCC_WARN_64_TO_32_BIT_CONVERSION = YES;
				GCC_WARN_ABOUT_RETURN_TYPE = YES;
				GCC_WARN_UNDECLARED_SELECTOR = YES;
				GCC_WARN_UNINITIALIZED_AUTOS = YES;
				GCC_WARN_UNUSED_FUNCTION = YES;
				GCC_WARN_UNUSED_VARIABLE = YES;
				IPHONEOS_DEPLOYMENT_TARGET = 6.0;
				OTHER_CFLAGS = "-DNS_BLOCK_ASSERTIONS=1";
				SDKROOT = iphoneos;
				TARGETED_DEVICE_FAMILY = "1,2";
				VALIDATE_PRODUCT = YES;
			};
			name = Release;
		};
		524CC9B1158F944000D02843 /* Debug */ = {
			isa = XCBuildConfiguration;
			buildSettings = {
				CLANG_ENABLE_OBJC_ARC = YES;
				GCC_PRECOMPILE_PREFIX_HEADER = YES;
				GCC_PREFIX_HEADER = "SignatureExample/SignatureExample-Prefix.pch";
				INFOPLIST_FILE = "SignatureExample/SignatureExample-Info.plist";
				PRODUCT_NAME = "$(TARGET_NAME)";
				WRAPPER_EXTENSION = app;
			};
			name = Debug;
		};
		524CC9B2158F944000D02843 /* Release */ = {
			isa = XCBuildConfiguration;
			buildSettings = {
				CLANG_ENABLE_OBJC_ARC = YES;
				GCC_PRECOMPILE_PREFIX_HEADER = YES;
				GCC_PREFIX_HEADER = "SignatureExample/SignatureExample-Prefix.pch";
				INFOPLIST_FILE = "SignatureExample/SignatureExample-Info.plist";
				PRODUCT_NAME = "$(TARGET_NAME)";
				WRAPPER_EXTENSION = app;
			};
			name = Release;
		};
/* End XCBuildConfiguration section */

/* Begin XCConfigurationList section */
		524CC989158F944000D02843 /* Build configuration list for PBXProject "SignatureExample" */ = {
			isa = XCConfigurationList;
			buildConfigurations = (
				524CC9AE158F944000D02843 /* Debug */,
				524CC9AF158F944000D02843 /* Release */,
			);
			defaultConfigurationIsVisible = 0;
			defaultConfigurationName = Release;
		};
		524CC9B0158F944000D02843 /* Build configuration list for PBXNativeTarget "SignatureExample" */ = {
			isa = XCConfigurationList;
			buildConfigurations = (
				524CC9B1158F944000D02843 /* Debug */,
				524CC9B2158F944000D02843 /* Release */,
			);
			defaultConfigurationIsVisible = 0;
			defaultConfigurationName = Release;
		};
/* End XCConfigurationList section */
	};
	rootObject = 524CC986158F944000D02843 /* Project object */;
}
